
Microsoft Visual Studio Solution File, Format Version 12.00
# Visual Studio Version 17
VisualStudioVersion = 17.10.35027.167
MinimumVisualStudioVersion = 10.0.40219.1
Project("{FAE04EC0-301F-11D3-BF4B-00C04F79EFBC}") = "ObserberPatern", "ObserberPatern\ObserberPatern.csproj", "{095A60C7-5CD3-4F9B-BA34-3B92D7ECCAEB}"
EndProject
Global
	GlobalSection(SolutionConfigurationPlatforms) = preSolution
		Debug|Any CPU = Debug|Any CPU
		Release|Any CPU = Release|Any CPU
	EndGlobalSection
	GlobalSection(ProjectConfigurationPlatforms) = postSolution
		{095A60C7-5CD3-4F9B-BA34-3B92D7ECCAEB}.Debug|Any CPU.ActiveCfg = Debug|Any CPU
		{095A60C7-5CD3-4F9B-BA34-3B92D7ECCAEB}.Debug|Any CPU.Build.0 = Debug|Any CPU
		{095A60C7-5CD3-4F9B-BA34-3B92D7ECCAEB}.Release|Any CPU.ActiveCfg = Release|Any CPU
		{095A60C7-5CD3-4F9B-BA34-3B92D7ECCAEB}.Release|Any CPU.Build.0 = Release|Any CPU
	EndGlobalSection
	GlobalSection(SolutionProperties) = preSolution
		HideSolutionNode = FALSE
	EndGlobalSection
	GlobalSection(ExtensibilityGlobals) = postSolution
		SolutionGuid = {6A5E3E7B-FA6A-41D6-BF34-17D7DA3F7031}
	EndGlobalSection
EndGlobal
